
Microsoft Visual Studio Solution File, Format Version 12.00
# Visual Studio Version 17
VisualStudioVersion = 17.5.33424.131
MinimumVisualStudioVersion = 10.0.40219.1
Project("{9A19103F-16F7-4668-BE54-9A1E7A4F7556}") = "NiTiS.Native", "NiTiS.Native\NiTiS.Native.csproj", "{9BBCE7E7-A09F-4806-9244-5F2B6953F35C}"
EndProject
Project("{9A19103F-16F7-4668-BE54-9A1E7A4F7556}") = "NiTiS.Native.NUKE", "build\NiTiS.Native.NUKE.csproj", "{02A1D6DF-6356-480D-AED1-19CE36E82B5F}"
EndProject
Project("{FAE04EC0-301F-11D3-BF4B-00C04F79EFBC}") = "NiTiS.Native.BuildTools", "NiTiS.Native.BuildTools\NiTiS.Native.BuildTools.csproj", "{0F573041-BD9B-4F12-A5BE-B0AA67A14562}"
EndProject
Global
	GlobalSection(SolutionConfigurationPlatforms) = preSolution
		Debug|Any CPU = Debug|Any CPU
		Release|Any CPU = Release|Any CPU
	EndGlobalSection
	GlobalSection(ProjectConfigurationPlatforms) = postSolution
		{9BBCE7E7-A09F-4806-9244-5F2B6953F35C}.Debug|Any CPU.ActiveCfg = Debug|Any CPU
		{9BBCE7E7-A09F-4806-9244-5F2B6953F35C}.Debug|Any CPU.Build.0 = Debug|Any CPU
		{9BBCE7E7-A09F-4806-9244-5F2B6953F35C}.Release|Any CPU.ActiveCfg = Release|Any CPU
		{9BBCE7E7-A09F-4806-9244-5F2B6953F35C}.Release|Any CPU.Build.0 = Release|Any CPU
		{02A1D6DF-6356-480D-AED1-19CE36E82B5F}.Debug|Any CPU.ActiveCfg = Debug|Any CPU
		{02A1D6DF-6356-480D-AED1-19CE36E82B5F}.Release|Any CPU.ActiveCfg = Release|Any CPU
		{0F573041-BD9B-4F12-A5BE-B0AA67A14562}.Debug|Any CPU.ActiveCfg = Debug|Any CPU
		{0F573041-BD9B-4F12-A5BE-B0AA67A14562}.Debug|Any CPU.Build.0 = Debug|Any CPU
		{0F573041-BD9B-4F12-A5BE-B0AA67A14562}.Release|Any CPU.ActiveCfg = Release|Any CPU
		{0F573041-BD9B-4F12-A5BE-B0AA67A14562}.Release|Any CPU.Build.0 = Release|Any CPU
	EndGlobalSection
	GlobalSection(SolutionProperties) = preSolution
		HideSolutionNode = FALSE
	EndGlobalSection
	GlobalSection(ExtensibilityGlobals) = postSolution
		SolutionGuid = {D6B7EDCB-EDF6-422A-B4D2-AB741D68DFBE}
	EndGlobalSection
EndGlobal
